
Microsoft Visual Studio Solution File, Format Version 12.00
# Visual Studio Version 16
VisualStudioVersion = 16.0.30907.101
MinimumVisualStudioVersion = 10.0.40219.1
Project("{9A19103F-16F7-4668-BE54-9A1E7A4F7556}") = "DataAccess", "DataAccess\DataAccess.csproj", "{1DBE7A77-CB33-4DD0-A8A6-D3CF837DE00D}"
EndProject
Project("{9A19103F-16F7-4668-BE54-9A1E7A4F7556}") = "Entities", "Entities\Entities.csproj", "{D93E3A46-E2D8-4267-A8DF-7378F4FDFF26}"
EndProject
Project("{9A19103F-16F7-4668-BE54-9A1E7A4F7556}") = "Business", "Business\Business.csproj", "{D3924C03-A9AB-4333-BB6C-6F7093296184}"
EndProject
Project("{9A19103F-16F7-4668-BE54-9A1E7A4F7556}") = "ConsoleUI", "ConsoleUI\ConsoleUI.csproj", "{B37ED8AC-213A-416E-8F47-461BDC1E3B50}"
EndProject
Project("{9A19103F-16F7-4668-BE54-9A1E7A4F7556}") = "Core", "Core\Core.csproj", "{BC0A4B1B-7A36-4D99-9BE3-ABDDD9FA6EC5}"
EndProject
Global
	GlobalSection(SolutionConfigurationPlatforms) = preSolution
		Debug|Any CPU = Debug|Any CPU
		Release|Any CPU = Release|Any CPU
	EndGlobalSection
	GlobalSection(ProjectConfigurationPlatforms) = postSolution
		{1DBE7A77-CB33-4DD0-A8A6-D3CF837DE00D}.Debug|Any CPU.ActiveCfg = Debug|Any CPU
		{1DBE7A77-CB33-4DD0-A8A6-D3CF837DE00D}.Debug|Any CPU.Build.0 = Debug|Any CPU
		{1DBE7A77-CB33-4DD0-A8A6-D3CF837DE00D}.Release|Any CPU.ActiveCfg = Release|Any CPU
		{1DBE7A77-CB33-4DD0-A8A6-D3CF837DE00D}.Release|Any CPU.Build.0 = Release|Any CPU
		{D93E3A46-E2D8-4267-A8DF-7378F4FDFF26}.Debug|Any CPU.ActiveCfg = Debug|Any CPU
		{D93E3A46-E2D8-4267-A8DF-7378F4FDFF26}.Debug|Any CPU.Build.0 = Debug|Any CPU
		{D93E3A46-E2D8-4267-A8DF-7378F4FDFF26}.Release|Any CPU.ActiveCfg = Release|Any CPU
		{D93E3A46-E2D8-4267-A8DF-7378F4FDFF26}.Release|Any CPU.Build.0 = Release|Any CPU
		{D3924C03-A9AB-4333-BB6C-6F7093296184}.Debug|Any CPU.ActiveCfg = Debug|Any CPU
		{D3924C03-A9AB-4333-BB6C-6F7093296184}.Debug|Any CPU.Build.0 = Debug|Any CPU
		{D3924C03-A9AB-4333-BB6C-6F7093296184}.Release|Any CPU.ActiveCfg = Release|Any CPU
		{D3924C03-A9AB-4333-BB6C-6F7093296184}.Release|Any CPU.Build.0 = Release|Any CPU
		{B37ED8AC-213A-416E-8F47-461BDC1E3B50}.Debug|Any CPU.ActiveCfg = Debug|Any CPU
		{B37ED8AC-213A-416E-8F47-461BDC1E3B50}.Debug|Any CPU.Build.0 = Debug|Any CPU
		{B37ED8AC-213A-416E-8F47-461BDC1E3B50}.Release|Any CPU.ActiveCfg = Release|Any CPU
		{B37ED8AC-213A-416E-8F47-461BDC1E3B50}.Release|Any CPU.Build.0 = Release|Any CPU
		{BC0A4B1B-7A36-4D99-9BE3-ABDDD9FA6EC5}.Debug|Any CPU.ActiveCfg = Debug|Any CPU
		{BC0A4B1B-7A36-4D99-9BE3-ABDDD9FA6EC5}.Debug|Any CPU.Build.0 = Debug|Any CPU
		{BC0A4B1B-7A36-4D99-9BE3-ABDDD9FA6EC5}.Release|Any CPU.ActiveCfg = Release|Any CPU
		{BC0A4B1B-7A36-4D99-9BE3-ABDDD9FA6EC5}.Release|Any CPU.Build.0 = Release|Any CPU
	EndGlobalSection
	GlobalSection(SolutionProperties) = preSolution
		HideSolutionNode = FALSE
	EndGlobalSection
	GlobalSection(ExtensibilityGlobals) = postSolution
		SolutionGuid = {D8107A2A-6F78-479A-98EF-9B6720B02618}
	EndGlobalSection
EndGlobal
